// !$*UTF8*$!
{
	archiveVersion = 1;
	classes = {
	};
	objectVersion = 56;
	objects = {

/* Begin PBXBuildFile section */
		240661752998353400976D8F /* Model.swift in Sources */ = {isa = PBXBuildFile; fileRef = 240661742998353400976D8F /* Model.swift */; };
		2406617929983E2200976D8F /* MessageRepliesView.swift in Sources */ = {isa = PBXBuildFile; fileRef = 2406617829983E2200976D8F /* MessageRepliesView.swift */; };
		2406617B2998478A00976D8F /* MessageView.swift in Sources */ = {isa = PBXBuildFile; fileRef = 2406617A2998478A00976D8F /* MessageView.swift */; };
		243ABF1229980E09007016A2 /* FinancialLiteracyAppApp.swift in Sources */ = {isa = PBXBuildFile; fileRef = 243ABF1129980E09007016A2 /* FinancialLiteracyAppApp.swift */; };
		243ABF1429980E09007016A2 /* ContentView.swift in Sources */ = {isa = PBXBuildFile; fileRef = 243ABF1329980E09007016A2 /* ContentView.swift */; };
		243ABF1629980E0C007016A2 /* Assets.xcassets in Resources */ = {isa = PBXBuildFile; fileRef = 243ABF1529980E0C007016A2 /* Assets.xcassets */; };
		243ABF1929980E0C007016A2 /* Preview Assets.xcassets in Resources */ = {isa = PBXBuildFile; fileRef = 243ABF1829980E0C007016A2 /* Preview Assets.xcassets */; };
		243ABF56299814AC007016A2 /* ForumView.swift in Sources */ = {isa = PBXBuildFile; fileRef = 243ABF55299814AC007016A2 /* ForumView.swift */; };
		243ABF58299814BE007016A2 /* BudgetView.swift in Sources */ = {isa = PBXBuildFile; fileRef = 243ABF57299814BE007016A2 /* BudgetView.swift */; };
		243ABF5A299814D2007016A2 /* ResourcesView.swift in Sources */ = {isa = PBXBuildFile; fileRef = 243ABF59299814D2007016A2 /* ResourcesView.swift */; };
		243ABF5C299814DB007016A2 /* ProfileView.swift in Sources */ = {isa = PBXBuildFile; fileRef = 243ABF5B299814DB007016A2 /* ProfileView.swift */; };
		243ABF5E2998204E007016A2 /* ForumChannelView.swift in Sources */ = {isa = PBXBuildFile; fileRef = 243ABF5D2998204E007016A2 /* ForumChannelView.swift */; };
		3B04CEDE299860F500F1B86E /* HousingView.swift in Sources */ = {isa = PBXBuildFile; fileRef = 3B04CEDD299860F500F1B86E /* HousingView.swift */; };
		3B04CEE02998AD5F00F1B86E /* TransportationView.swift in Sources */ = {isa = PBXBuildFile; fileRef = 3B04CEDF2998AD5F00F1B86E /* TransportationView.swift */; };
		3B04CEE22998AFF500F1B86E /* GroceriesFoodView.swift in Sources */ = {isa = PBXBuildFile; fileRef = 3B04CEE12998AFF500F1B86E /* GroceriesFoodView.swift */; };
		3B04CEE42998B12600F1B86E /* OtherView.swift in Sources */ = {isa = PBXBuildFile; fileRef = 3B04CEE32998B12600F1B86E /* OtherView.swift */; };
/* End PBXBuildFile section */

/* Begin PBXFileReference section */
		240661742998353400976D8F /* Model.swift */ = {isa = PBXFileReference; lastKnownFileType = sourcecode.swift; path = Model.swift; sourceTree = "<group>"; };
		2406617829983E2200976D8F /* MessageRepliesView.swift */ = {isa = PBXFileReference; lastKnownFileType = sourcecode.swift; path = MessageRepliesView.swift; sourceTree = "<group>"; };
		2406617A2998478A00976D8F /* MessageView.swift */ = {isa = PBXFileReference; lastKnownFileType = sourcecode.swift; path = MessageView.swift; sourceTree = "<group>"; };
		243ABF0E29980E09007016A2 /* FinancialLiteracyApp.app */ = {isa = PBXFileReference; explicitFileType = wrapper.application; includeInIndex = 0; path = FinancialLiteracyApp.app; sourceTree = BUILT_PRODUCTS_DIR; };
		243ABF1129980E09007016A2 /* FinancialLiteracyAppApp.swift */ = {isa = PBXFileReference; lastKnownFileType = sourcecode.swift; path = FinancialLiteracyAppApp.swift; sourceTree = "<group>"; };
		243ABF1329980E09007016A2 /* ContentView.swift */ = {isa = PBXFileReference; lastKnownFileType = sourcecode.swift; path = ContentView.swift; sourceTree = "<group>"; };
		243ABF1529980E0C007016A2 /* Assets.xcassets */ = {isa = PBXFileReference; lastKnownFileType = folder.assetcatalog; path = Assets.xcassets; sourceTree = "<group>"; };
		243ABF1829980E0C007016A2 /* Preview Assets.xcassets */ = {isa = PBXFileReference; lastKnownFileType = folder.assetcatalog; path = "Preview Assets.xcassets"; sourceTree = "<group>"; };
		243ABF55299814AC007016A2 /* ForumView.swift */ = {isa = PBXFileReference; lastKnownFileType = sourcecode.swift; path = ForumView.swift; sourceTree = "<group>"; };
		243ABF57299814BE007016A2 /* BudgetView.swift */ = {isa = PBXFileReference; lastKnownFileType = sourcecode.swift; path = BudgetView.swift; sourceTree = "<group>"; };
		243ABF59299814D2007016A2 /* ResourcesView.swift */ = {isa = PBXFileReference; lastKnownFileType = sourcecode.swift; path = ResourcesView.swift; sourceTree = "<group>"; };
		243ABF5B299814DB007016A2 /* ProfileView.swift */ = {isa = PBXFileReference; lastKnownFileType = sourcecode.swift; path = ProfileView.swift; sourceTree = "<group>"; };
		243ABF5D2998204E007016A2 /* ForumChannelView.swift */ = {isa = PBXFileReference; lastKnownFileType = sourcecode.swift; path = ForumChannelView.swift; sourceTree = "<group>"; };
		3B04CEDD299860F500F1B86E /* HousingView.swift */ = {isa = PBXFileReference; lastKnownFileType = sourcecode.swift; path = HousingView.swift; sourceTree = "<group>"; };
		3B04CEDF2998AD5F00F1B86E /* TransportationView.swift */ = {isa = PBXFileReference; lastKnownFileType = sourcecode.swift; path = TransportationView.swift; sourceTree = "<group>"; };
		3B04CEE12998AFF500F1B86E /* GroceriesFoodView.swift */ = {isa = PBXFileReference; lastKnownFileType = sourcecode.swift; path = GroceriesFoodView.swift; sourceTree = "<group>"; };
		3B04CEE32998B12600F1B86E /* OtherView.swift */ = {isa = PBXFileReference; lastKnownFileType = sourcecode.swift; path = OtherView.swift; sourceTree = "<group>"; };
/* End PBXFileReference section */

/* Begin PBXFrameworksBuildPhase section */
		243ABF0B29980E09007016A2 /* Frameworks */ = {
			isa = PBXFrameworksBuildPhase;
			buildActionMask = 2147483647;
			files = (
			);
			runOnlyForDeploymentPostprocessing = 0;
		};
/* End PBXFrameworksBuildPhase section */

/* Begin PBXGroup section */
		2406617C299847E000976D8F /* Forum */ = {
			isa = PBXGroup;
			children = (
				243ABF55299814AC007016A2 /* ForumView.swift */,
				243ABF5D2998204E007016A2 /* ForumChannelView.swift */,
				2406617829983E2200976D8F /* MessageRepliesView.swift */,
				2406617A2998478A00976D8F /* MessageView.swift */,
			);
			path = Forum;
			sourceTree = "<group>";
		};
		243ABF0529980E09007016A2 = {
			isa = PBXGroup;
			children = (
				243ABF1029980E09007016A2 /* FinancialLiteracyApp */,
				243ABF0F29980E09007016A2 /* Products */,
			);
			sourceTree = "<group>";
		};
		243ABF0F29980E09007016A2 /* Products */ = {
			isa = PBXGroup;
			children = (
				243ABF0E29980E09007016A2 /* FinancialLiteracyApp.app */,
			);
			name = Products;
			sourceTree = "<group>";
		};
		243ABF1029980E09007016A2 /* FinancialLiteracyApp */ = {
			isa = PBXGroup;
			children = (
				2406617C299847E000976D8F /* Forum */,
				243ABF1129980E09007016A2 /* FinancialLiteracyAppApp.swift */,
				243ABF1329980E09007016A2 /* ContentView.swift */,
				240661742998353400976D8F /* Model.swift */,
				243ABF57299814BE007016A2 /* BudgetView.swift */,
				3B04CEDD299860F500F1B86E /* HousingView.swift */,
				3B04CEDF2998AD5F00F1B86E /* TransportationView.swift */,
				3B04CEE12998AFF500F1B86E /* GroceriesFoodView.swift */,
				3B04CEE32998B12600F1B86E /* OtherView.swift */,
				243ABF59299814D2007016A2 /* ResourcesView.swift */,
				243ABF5B299814DB007016A2 /* ProfileView.swift */,
				243ABF1529980E0C007016A2 /* Assets.xcassets */,
				243ABF1729980E0C007016A2 /* Preview Content */,
			);
			path = FinancialLiteracyApp;
			sourceTree = "<group>";
		};
		243ABF1729980E0C007016A2 /* Preview Content */ = {
			isa = PBXGroup;
			children = (
				243ABF1829980E0C007016A2 /* Preview Assets.xcassets */,
			);
			path = "Preview Content";
			sourceTree = "<group>";
		};
/* End PBXGroup section */

/* Begin PBXNativeTarget section */
		243ABF0D29980E09007016A2 /* FinancialLiteracyApp */ = {
			isa = PBXNativeTarget;
			buildConfigurationList = 243ABF1C29980E0C007016A2 /* Build configuration list for PBXNativeTarget "FinancialLiteracyApp" */;
			buildPhases = (
				243ABF0A29980E09007016A2 /* Sources */,
				243ABF0B29980E09007016A2 /* Frameworks */,
				243ABF0C29980E09007016A2 /* Resources */,
			);
			buildRules = (
			);
			dependencies = (
			);
			name = FinancialLiteracyApp;
			productName = FinancialLiteracyApp;
			productReference = 243ABF0E29980E09007016A2 /* FinancialLiteracyApp.app */;
			productType = "com.apple.product-type.application";
		};
/* End PBXNativeTarget section */

/* Begin PBXProject section */
		243ABF0629980E09007016A2 /* Project object */ = {
			isa = PBXProject;
			attributes = {
				BuildIndependentTargetsInParallel = 1;
				LastSwiftUpdateCheck = 1420;
				LastUpgradeCheck = 1420;
				TargetAttributes = {
					243ABF0D29980E09007016A2 = {
						CreatedOnToolsVersion = 14.2;
					};
				};
			};
			buildConfigurationList = 243ABF0929980E09007016A2 /* Build configuration list for PBXProject "FinancialLiteracyApp" */;
			compatibilityVersion = "Xcode 14.0";
			developmentRegion = en;
			hasScannedForEncodings = 0;
			knownRegions = (
				en,
				Base,
			);
			mainGroup = 243ABF0529980E09007016A2;
			productRefGroup = 243ABF0F29980E09007016A2 /* Products */;
			projectDirPath = "";
			projectRoot = "";
			targets = (
				243ABF0D29980E09007016A2 /* FinancialLiteracyApp */,
			);
		};
/* End PBXProject section */

/* Begin PBXResourcesBuildPhase section */
		243ABF0C29980E09007016A2 /* Resources */ = {
			isa = PBXResourcesBuildPhase;
			buildActionMask = 2147483647;
			files = (
				243ABF1929980E0C007016A2 /* Preview Assets.xcassets in Resources */,
				243ABF1629980E0C007016A2 /* Assets.xcassets in Resources */,
			);
			runOnlyForDeploymentPostprocessing = 0;
		};
/* End PBXResourcesBuildPhase section */

/* Begin PBXSourcesBuildPhase section */
		243ABF0A29980E09007016A2 /* Sources */ = {
			isa = PBXSourcesBuildPhase;
			buildActionMask = 2147483647;
			files = (
				243ABF1429980E09007016A2 /* ContentView.swift in Sources */,
				243ABF58299814BE007016A2 /* BudgetView.swift in Sources */,
				3B04CEE22998AFF500F1B86E /* GroceriesFoodView.swift in Sources */,
				243ABF56299814AC007016A2 /* ForumView.swift in Sources */,
				243ABF1229980E09007016A2 /* FinancialLiteracyAppApp.swift in Sources */,
				2406617929983E2200976D8F /* MessageRepliesView.swift in Sources */,
				2406617B2998478A00976D8F /* MessageView.swift in Sources */,
				243ABF5E2998204E007016A2 /* ForumChannelView.swift in Sources */,
				243ABF5C299814DB007016A2 /* ProfileView.swift in Sources */,
				243ABF5A299814D2007016A2 /* ResourcesView.swift in Sources */,
				240661752998353400976D8F /* Model.swift in Sources */,
				3B04CEE42998B12600F1B86E /* OtherView.swift in Sources */,
				3B04CEE02998AD5F00F1B86E /* TransportationView.swift in Sources */,
				3B04CEDE299860F500F1B86E /* HousingView.swift in Sources */,
			);
			runOnlyForDeploymentPostprocessing = 0;
		};
/* End PBXSourcesBuildPhase section */

/* Begin XCBuildConfiguration section */
		243ABF1A29980E0C007016A2 /* Debug */ = {
			isa = XCBuildConfiguration;
			buildSettings = {
				ALWAYS_SEARCH_USER_PATHS = NO;
				CLANG_ANALYZER_NONNULL = YES;
				CLANG_ANALYZER_NUMBER_OBJECT_CONVERSION = YES_AGGRESSIVE;
				CLANG_CXX_LANGUAGE_STANDARD = "gnu++20";
				CLANG_ENABLE_MODULES = YES;
				CLANG_ENABLE_OBJC_ARC = YES;
				CLANG_ENABLE_OBJC_WEAK = YES;
				CLANG_WARN_BLOCK_CAPTURE_AUTORELEASING = YES;
				CLANG_WARN_BOOL_CONVERSION = YES;
				CLANG_WARN_COMMA = YES;
				CLANG_WARN_CONSTANT_CONVERSION = YES;
				CLANG_WARN_DEPRECATED_OBJC_IMPLEMENTATIONS = YES;
				CLANG_WARN_DIRECT_OBJC_ISA_USAGE = YES_ERROR;
				CLANG_WARN_DOCUMENTATION_COMMENTS = YES;
				CLANG_WARN_EMPTY_BODY = YES;
				CLANG_WARN_ENUM_CONVERSION = YES;
				CLANG_WARN_INFINITE_RECURSION = YES;
				CLANG_WARN_INT_CONVERSION = YES;
				CLANG_WARN_NON_LITERAL_NULL_CONVERSION = YES;
				CLANG_WARN_OBJC_IMPLICIT_RETAIN_SELF = YES;
				CLANG_WARN_OBJC_LITERAL_CONVERSION = YES;
				CLANG_WARN_OBJC_ROOT_CLASS = YES_ERROR;
				CLANG_WARN_QUOTED_INCLUDE_IN_FRAMEWORK_HEADER = YES;
				CLANG_WARN_RANGE_LOOP_ANALYSIS = YES;
				CLANG_WARN_STRICT_PROTOTYPES = YES;
				CLANG_WARN_SUSPICIOUS_MOVE = YES;
				CLANG_WARN_UNGUARDED_AVAILABILITY = YES_AGGRESSIVE;
				CLANG_WARN_UNREACHABLE_CODE = YES;
				CLANG_WARN__DUPLICATE_METHOD_MATCH = YES;
				COPY_PHASE_STRIP = NO;
				DEBUG_INFORMATION_FORMAT = dwarf;
				ENABLE_STRICT_OBJC_MSGSEND = YES;
				ENABLE_TESTABILITY = YES;
				GCC_C_LANGUAGE_STANDARD = gnu11;
				GCC_DYNAMIC_NO_PIC = NO;
				GCC_NO_COMMON_BLOCKS = YES;
				GCC_OPTIMIZATION_LEVEL = 0;
				GCC_PREPROCESSOR_DEFINITIONS = (
					"DEBUG=1",
					"$(inherited)",
				);
				GCC_WARN_64_TO_32_BIT_CONVERSION = YES;
				GCC_WARN_ABOUT_RETURN_TYPE = YES_ERROR;
				GCC_WARN_UNDECLARED_SELECTOR = YES;
				GCC_WARN_UNINITIALIZED_AUTOS = YES_AGGRESSIVE;
				GCC_WARN_UNUSED_FUNCTION = YES;
				GCC_WARN_UNUSED_VARIABLE = YES;
				IPHONEOS_DEPLOYMENT_TARGET = 16.2;
				MTL_ENABLE_DEBUG_INFO = INCLUDE_SOURCE;
				MTL_FAST_MATH = YES;
				ONLY_ACTIVE_ARCH = YES;
				SDKROOT = iphoneos;
				SWIFT_ACTIVE_COMPILATION_CONDITIONS = DEBUG;
				SWIFT_OPTIMIZATION_LEVEL = "-Onone";
			};
			name = Debug;
		};
		243ABF1B29980E0C007016A2 /* Release */ = {
			isa = XCBuildConfiguration;
			buildSettings = {
				ALWAYS_SEARCH_USER_PATHS = NO;
				CLANG_ANALYZER_NONNULL = YES;
				CLANG_ANALYZER_NUMBER_OBJECT_CONVERSION = YES_AGGRESSIVE;
				CLANG_CXX_LANGUAGE_STANDARD = "gnu++20";
				CLANG_ENABLE_MODULES = YES;
				CLANG_ENABLE_OBJC_ARC = YES;
				CLANG_ENABLE_OBJC_WEAK = YES;
				CLANG_WARN_BLOCK_CAPTURE_AUTORELEASING = YES;
				CLANG_WARN_BOOL_CONVERSION = YES;
				CLANG_WARN_COMMA = YES;
				CLANG_WARN_CONSTANT_CONVERSION = YES;
				CLANG_WARN_DEPRECATED_OBJC_IMPLEMENTATIONS = YES;
				CLANG_WARN_DIRECT_OBJC_ISA_USAGE = YES_ERROR;
				CLANG_WARN_DOCUMENTATION_COMMENTS = YES;
				CLANG_WARN_EMPTY_BODY = YES;
				CLANG_WARN_ENUM_CONVERSION = YES;
				CLANG_WARN_INFINITE_RECURSION = YES;
				CLANG_WARN_INT_CONVERSION = YES;
				CLANG_WARN_NON_LITERAL_NULL_CONVERSION = YES;
				CLANG_WARN_OBJC_IMPLICIT_RETAIN_SELF = YES;
				CLANG_WARN_OBJC_LITERAL_CONVERSION = YES;
				CLANG_WARN_OBJC_ROOT_CLASS = YES_ERROR;
				CLANG_WARN_QUOTED_INCLUDE_IN_FRAMEWORK_HEADER = YES;
				CLANG_WARN_RANGE_LOOP_ANALYSIS = YES;
				CLANG_WARN_STRICT_PROTOTYPES = YES;
				CLANG_WARN_SUSPICIOUS_MOVE = YES;
				CLANG_WARN_UNGUARDED_AVAILABILITY = YES_AGGRESSIVE;
				CLANG_WARN_UNREACHABLE_CODE = YES;
				CLANG_WARN__DUPLICATE_METHOD_MATCH = YES;
				COPY_PHASE_STRIP = NO;
				DEBUG_INFORMATION_FORMAT = "dwarf-with-dsym";
				ENABLE_NS_ASSERTIONS = NO;
				ENABLE_STRICT_OBJC_MSGSEND = YES;
				GCC_C_LANGUAGE_STANDARD = gnu11;
				GCC_NO_COMMON_BLOCKS = YES;
				GCC_WARN_64_TO_32_BIT_CONVERSION = YES;
				GCC_WARN_ABOUT_RETURN_TYPE = YES_ERROR;
				GCC_WARN_UNDECLARED_SELECTOR = YES;
				GCC_WARN_UNINITIALIZED_AUTOS = YES_AGGRESSIVE;
				GCC_WARN_UNUSED_FUNCTION = YES;
				GCC_WARN_UNUSED_VARIABLE = YES;
				IPHONEOS_DEPLOYMENT_TARGET = 16.2;
				MTL_ENABLE_DEBUG_INFO = NO;
				MTL_FAST_MATH = YES;
				SDKROOT = iphoneos;
				SWIFT_COMPILATION_MODE = wholemodule;
				SWIFT_OPTIMIZATION_LEVEL = "-O";
				VALIDATE_PRODUCT = YES;
			};
			name = Release;
		};
		243ABF1D29980E0C007016A2 /* Debug */ = {
			isa = XCBuildConfiguration;
			buildSettings = {
				ASSETCATALOG_COMPILER_APPICON_NAME = AppIcon;
				ASSETCATALOG_COMPILER_GLOBAL_ACCENT_COLOR_NAME = AccentColor;
				CODE_SIGN_STYLE = Automatic;
				CURRENT_PROJECT_VERSION = 1;
				DEVELOPMENT_ASSET_PATHS = "\"FinancialLiteracyApp/Preview Content\"";
				ENABLE_PREVIEWS = YES;
				GENERATE_INFOPLIST_FILE = YES;
				INFOPLIST_KEY_CFBundleDisplayName = "College Wallet";
				INFOPLIST_KEY_UIApplicationSceneManifest_Generation = YES;
				INFOPLIST_KEY_UIApplicationSupportsIndirectInputEvents = YES;
				INFOPLIST_KEY_UILaunchScreen_Generation = YES;
				INFOPLIST_KEY_UISupportedInterfaceOrientations_iPad = "UIInterfaceOrientationPortrait UIInterfaceOrientationPortraitUpsideDown UIInterfaceOrientationLandscapeLeft UIInterfaceOrientationLandscapeRight";
				INFOPLIST_KEY_UISupportedInterfaceOrientations_iPhone = "UIInterfaceOrientationPortrait UIInterfaceOrientationLandscapeLeft UIInterfaceOrientationLandscapeRight";
				LD_RUNPATH_SEARCH_PATHS = (
					"$(inherited)",
					"@executable_path/Frameworks",
				);
				MARKETING_VERSION = 1.0;
				PRODUCT_BUNDLE_IDENTIFIER = com.meghan.FinancialLiteracyApp;
				PRODUCT_NAME = "$(TARGET_NAME)";
				SWIFT_EMIT_LOC_STRINGS = YES;
				SWIFT_VERSION = 5.0;
				TARGETED_DEVICE_FAMILY = "1,2";
			};
			name = Debug;
		};
		243ABF1E29980E0C007016A2 /* Release */ = {
			isa = XCBuildConfiguration;
			buildSettings = {
				ASSETCATALOG_COMPILER_APPICON_NAME = AppIcon;
				ASSETCATALOG_COMPILER_GLOBAL_ACCENT_COLOR_NAME = AccentColor;
				CODE_SIGN_STYLE = Automatic;
				CURRENT_PROJECT_VERSION = 1;
				DEVELOPMENT_ASSET_PATHS = "\"FinancialLiteracyApp/Preview Content\"";
				ENABLE_PREVIEWS = YES;
				GENERATE_INFOPLIST_FILE = YES;
				INFOPLIST_KEY_CFBundleDisplayName = "College Wallet";
				INFOPLIST_KEY_UIApplicationSceneManifest_Generation = YES;
				INFOPLIST_KEY_UIApplicationSupportsIndirectInputEvents = YES;
				INFOPLIST_KEY_UILaunchScreen_Generation = YES;
				INFOPLIST_KEY_UISupportedInterfaceOrientations_iPad = "UIInterfaceOrientationPortrait UIInterfaceOrientationPortraitUpsideDown UIInterfaceOrientationLandscapeLeft UIInterfaceOrientationLandscapeRight";
				INFOPLIST_KEY_UISupportedInterfaceOrientations_iPhone = "UIInterfaceOrientationPortrait UIInterfaceOrientationLandscapeLeft UIInterfaceOrientationLandscapeRight";
				LD_RUNPATH_SEARCH_PATHS = (
					"$(inherited)",
					"@executable_path/Frameworks",
				);
				MARKETING_VERSION = 1.0;
				PRODUCT_BUNDLE_IDENTIFIER = com.meghan.FinancialLiteracyApp;
				PRODUCT_NAME = "$(TARGET_NAME)";
				SWIFT_EMIT_LOC_STRINGS = YES;
				SWIFT_VERSION = 5.0;
				TARGETED_DEVICE_FAMILY = "1,2";
			};
			name = Release;
		};
/* End XCBuildConfiguration section */

/* Begin XCConfigurationList section */
		243ABF0929980E09007016A2 /* Build configuration list for PBXProject "FinancialLiteracyApp" */ = {
			isa = XCConfigurationList;
			buildConfigurations = (
				243ABF1A29980E0C007016A2 /* Debug */,
				243ABF1B29980E0C007016A2 /* Release */,
			);
			defaultConfigurationIsVisible = 0;
			defaultConfigurationName = Release;
		};
		243ABF1C29980E0C007016A2 /* Build configuration list for PBXNativeTarget "FinancialLiteracyApp" */ = {
			isa = XCConfigurationList;
			buildConfigurations = (
				243ABF1D29980E0C007016A2 /* Debug */,
				243ABF1E29980E0C007016A2 /* Release */,
			);
			defaultConfigurationIsVisible = 0;
			defaultConfigurationName = Release;
		};
/* End XCConfigurationList section */
	};
	rootObject = 243ABF0629980E09007016A2 /* Project object */;
}
